// !$*UTF8*$!
{
	archiveVersion = 1;
	classes = {
	};
	objectVersion = 56;
	objects = {

/* Begin PBXBuildFile section */
		E82B5A432B37744300CFED63 /* Assets.xcassets in Resources */ = {isa = PBXBuildFile; fileRef = E82B5A422B37744300CFED63 /* Assets.xcassets */; };
		E82B5A462B37744300CFED63 /* Preview Assets.xcassets in Resources */ = {isa = PBXBuildFile; fileRef = E82B5A452B37744300CFED63 /* Preview Assets.xcassets */; };
		E82B5E0F2B37775700CFED63 /* DelauneyTriangulatorApp.swift in Sources */ = {isa = PBXBuildFile; fileRef = E82B5DF22B37775700CFED63 /* DelauneyTriangulatorApp.swift */; };
		E82B5E102B37775700CFED63 /* MetalView.swift in Sources */ = {isa = PBXBuildFile; fileRef = E82B5DF42B37775700CFED63 /* MetalView.swift */; };
		E82B5E112B37775700CFED63 /* MetalPipeline.swift in Sources */ = {isa = PBXBuildFile; fileRef = E82B5DF52B37775700CFED63 /* MetalPipeline.swift */; };
		E82B5E122B37775700CFED63 /* MetalEngine.swift in Sources */ = {isa = PBXBuildFile; fileRef = E82B5DF62B37775700CFED63 /* MetalEngine.swift */; };
		E82B5E132B37775700CFED63 /* MetalViewController.swift in Sources */ = {isa = PBXBuildFile; fileRef = E82B5DF72B37775700CFED63 /* MetalViewController.swift */; };
		E82B5E1A2B37775700CFED63 /* TriangulationData.swift in Sources */ = {isa = PBXBuildFile; fileRef = E82B5E002B37775700CFED63 /* TriangulationData.swift */; };
		E82B5E1B2B37775700CFED63 /* DelauneyTriangulatorPartsFactory.swift in Sources */ = {isa = PBXBuildFile; fileRef = E82B5E012B37775700CFED63 /* DelauneyTriangulatorPartsFactory.swift */; };
		E82B5E1C2B37775700CFED63 /* EdgeGridBucket.swift in Sources */ = {isa = PBXBuildFile; fileRef = E82B5E022B37775700CFED63 /* EdgeGridBucket.swift */; };
		E82B5E1D2B37775700CFED63 /* DelauneyTriangulator.swift in Sources */ = {isa = PBXBuildFile; fileRef = E82B5E032B37775700CFED63 /* DelauneyTriangulator.swift */; };
		E82B5E1E2B37775700CFED63 /* Math.swift in Sources */ = {isa = PBXBuildFile; fileRef = E82B5E052B37775700CFED63 /* Math.swift */; };
		E82B5E212B37775700CFED63 /* Sprite2D.swift in Sources */ = {isa = PBXBuildFile; fileRef = E82B5E082B37775700CFED63 /* Sprite2D.swift */; };
		E82B5E222B37775700CFED63 /* SpriteInstance2D.swift in Sources */ = {isa = PBXBuildFile; fileRef = E82B5E092B37775700CFED63 /* SpriteInstance2D.swift */; };
		E82B5E232B37775700CFED63 /* IndexTriangleBufferSpriteColored2D.swift in Sources */ = {isa = PBXBuildFile; fileRef = E82B5E0A2B37775700CFED63 /* IndexTriangleBufferSpriteColored2D.swift */; };
		E82B5E242B37775700CFED63 /* Matrix.swift in Sources */ = {isa = PBXBuildFile; fileRef = E82B5E0B2B37775700CFED63 /* Matrix.swift */; };
		E82B5E252B37775700CFED63 /* Quaternion.swift in Sources */ = {isa = PBXBuildFile; fileRef = E82B5E0C2B37775700CFED63 /* Quaternion.swift */; };
		E82B5E262B37775700CFED63 /* Graphics.swift in Sources */ = {isa = PBXBuildFile; fileRef = E82B5E0D2B37775700CFED63 /* Graphics.swift */; };
		E84357712B38934600C473E5 /* README.md in Resources */ = {isa = PBXBuildFile; fileRef = E84357702B38934600C473E5 /* README.md */; };
		E86931222B3778B30067A51E /* TopMenu.swift in Sources */ = {isa = PBXBuildFile; fileRef = E86931212B3778B30067A51E /* TopMenu.swift */; };
		E86931242B3779310067A51E /* TriangleSceneView.swift in Sources */ = {isa = PBXBuildFile; fileRef = E86931232B3779310067A51E /* TriangleSceneView.swift */; };
		E86931262B3779670067A51E /* TriangleScene.swift in Sources */ = {isa = PBXBuildFile; fileRef = E86931252B3779670067A51E /* TriangleScene.swift */; };
		E86931282B37798E0067A51E /* SceneViewModel.swift in Sources */ = {isa = PBXBuildFile; fileRef = E86931272B37798E0067A51E /* SceneViewModel.swift */; };
		E869312A2B377A090067A51E /* SceneModel.swift in Sources */ = {isa = PBXBuildFile; fileRef = E86931292B377A090067A51E /* SceneModel.swift */; };
		E869312C2B377A3D0067A51E /* ContainerView.swift in Sources */ = {isa = PBXBuildFile; fileRef = E869312B2B377A3D0067A51E /* ContainerView.swift */; };
		E869312E2B377CC10067A51E /* ControlsView.swift in Sources */ = {isa = PBXBuildFile; fileRef = E869312D2B377CC10067A51E /* ControlsView.swift */; };
		E86931342B377D680067A51E /* Shape.metal in Sources */ = {isa = PBXBuildFile; fileRef = E86931302B377D680067A51E /* Shape.metal */; };
		E86931352B377D680067A51E /* ShapeNodeIndexed.metal in Sources */ = {isa = PBXBuildFile; fileRef = E86931312B377D680067A51E /* ShapeNodeIndexed.metal */; };
		E86931362B377D680067A51E /* SpriteNodeIndexed.metal in Sources */ = {isa = PBXBuildFile; fileRef = E86931322B377D680067A51E /* SpriteNodeIndexed.metal */; };
		E86931372B377D680067A51E /* Sprite.metal in Sources */ = {isa = PBXBuildFile; fileRef = E86931332B377D680067A51E /* Sprite.metal */; };
		E869316C2B3780090067A51E /* white_square_32_32.png in Resources */ = {isa = PBXBuildFile; fileRef = E86931392B3780080067A51E /* white_square_32_32.png */; };
		E869316D2B3780090067A51E /* jiggle_tan_point_large_stroke_1_5.png in Resources */ = {isa = PBXBuildFile; fileRef = E869313B2B3780080067A51E /* jiggle_tan_point_large_stroke_1_5.png */; };
		E869316E2B3780090067A51E /* jiggle_tan_point_small_1_5.png in Resources */ = {isa = PBXBuildFile; fileRef = E869313C2B3780080067A51E /* jiggle_tan_point_small_1_5.png */; };
		E869316F2B3780090067A51E /* jiggle_tan_point_large_stroke_1_0.png in Resources */ = {isa = PBXBuildFile; fileRef = E869313D2B3780080067A51E /* jiggle_tan_point_large_stroke_1_0.png */; };
		E86931702B3780090067A51E /* jiggle_tan_point_small_1_0.png in Resources */ = {isa = PBXBuildFile; fileRef = E869313E2B3780080067A51E /* jiggle_tan_point_small_1_0.png */; };
		E86931712B3780090067A51E /* jiggle_tan_point_large_stroke_3_0.png in Resources */ = {isa = PBXBuildFile; fileRef = E869313F2B3780080067A51E /* jiggle_tan_point_large_stroke_3_0.png */; };
		E86931722B3780090067A51E /* jiggle_tan_point_small_3_0.png in Resources */ = {isa = PBXBuildFile; fileRef = E86931402B3780080067A51E /* jiggle_tan_point_small_3_0.png */; };
		E86931732B3780090067A51E /* jiggle_tan_point_large_stroke_4_0.png in Resources */ = {isa = PBXBuildFile; fileRef = E86931412B3780080067A51E /* jiggle_tan_point_large_stroke_4_0.png */; };
		E86931742B3780090067A51E /* jiggle_tan_point_small_4_0.png in Resources */ = {isa = PBXBuildFile; fileRef = E86931422B3780080067A51E /* jiggle_tan_point_small_4_0.png */; };
		E86931752B3780090067A51E /* jiggle_tan_point_large_stroke_6_0.png in Resources */ = {isa = PBXBuildFile; fileRef = E86931432B3780080067A51E /* jiggle_tan_point_large_stroke_6_0.png */; };
		E86931762B3780090067A51E /* jiggle_tan_point_small_6_0.png in Resources */ = {isa = PBXBuildFile; fileRef = E86931442B3780080067A51E /* jiggle_tan_point_small_6_0.png */; };
		E86931772B3780090067A51E /* jiggle_tan_point_small_2_0.png in Resources */ = {isa = PBXBuildFile; fileRef = E86931452B3780080067A51E /* jiggle_tan_point_small_2_0.png */; };
		E86931782B3780090067A51E /* jiggle_tan_point_large_stroke_2_0.png in Resources */ = {isa = PBXBuildFile; fileRef = E86931462B3780080067A51E /* jiggle_tan_point_large_stroke_2_0.png */; };
		E86931792B3780090067A51E /* jiggle_tan_point_large_1_5.png in Resources */ = {isa = PBXBuildFile; fileRef = E86931472B3780080067A51E /* jiggle_tan_point_large_1_5.png */; };
		E869317A2B3780090067A51E /* jiggle_tan_point_small_stroke_2_0.png in Resources */ = {isa = PBXBuildFile; fileRef = E86931482B3780080067A51E /* jiggle_tan_point_small_stroke_2_0.png */; };
		E869317B2B3780090067A51E /* jiggle_tan_point_small_stroke_6_0.png in Resources */ = {isa = PBXBuildFile; fileRef = E86931492B3780080067A51E /* jiggle_tan_point_small_stroke_6_0.png */; };
		E869317C2B3780090067A51E /* jiggle_tan_point_large_3_0.png in Resources */ = {isa = PBXBuildFile; fileRef = E869314A2B3780080067A51E /* jiggle_tan_point_large_3_0.png */; };
		E869317D2B3780090067A51E /* jiggle_tan_point_large_1_0.png in Resources */ = {isa = PBXBuildFile; fileRef = E869314B2B3780080067A51E /* jiggle_tan_point_large_1_0.png */; };
		E869317E2B3780090067A51E /* jiggle_tan_point_small_stroke_4_0.png in Resources */ = {isa = PBXBuildFile; fileRef = E869314C2B3780080067A51E /* jiggle_tan_point_small_stroke_4_0.png */; };
		E869317F2B3780090067A51E /* jiggle_tan_point_large_6_0.png in Resources */ = {isa = PBXBuildFile; fileRef = E869314D2B3780080067A51E /* jiggle_tan_point_large_6_0.png */; };
		E86931802B3780090067A51E /* jiggle_tan_point_small_stroke_3_0.png in Resources */ = {isa = PBXBuildFile; fileRef = E869314E2B3780080067A51E /* jiggle_tan_point_small_stroke_3_0.png */; };
		E86931812B3780090067A51E /* jiggle_tan_point_small_stroke_1_0.png in Resources */ = {isa = PBXBuildFile; fileRef = E869314F2B3780080067A51E /* jiggle_tan_point_small_stroke_1_0.png */; };
		E86931822B3780090067A51E /* jiggle_tan_point_large_4_0.png in Resources */ = {isa = PBXBuildFile; fileRef = E86931502B3780080067A51E /* jiggle_tan_point_large_4_0.png */; };
		E86931832B3780090067A51E /* jiggle_tan_point_small_stroke_1_5.png in Resources */ = {isa = PBXBuildFile; fileRef = E86931512B3780080067A51E /* jiggle_tan_point_small_stroke_1_5.png */; };
		E86931842B3780090067A51E /* jiggle_tan_point_large_2_0.png in Resources */ = {isa = PBXBuildFile; fileRef = E86931522B3780080067A51E /* jiggle_tan_point_large_2_0.png */; };
		E86931852B3780090067A51E /* jiggle_poly_line_stroke_3_0.png in Resources */ = {isa = PBXBuildFile; fileRef = E86931542B3780080067A51E /* jiggle_poly_line_stroke_3_0.png */; };
		E86931862B3780090067A51E /* jiggle_poly_line_4_0.png in Resources */ = {isa = PBXBuildFile; fileRef = E86931552B3780080067A51E /* jiggle_poly_line_4_0.png */; };
		E86931872B3780090067A51E /* jiggle_poly_line_6_0.png in Resources */ = {isa = PBXBuildFile; fileRef = E86931562B3780080067A51E /* jiggle_poly_line_6_0.png */; };
		E86931882B3780090067A51E /* jiggle_poly_line_stroke_1_0.png in Resources */ = {isa = PBXBuildFile; fileRef = E86931572B3780080067A51E /* jiggle_poly_line_stroke_1_0.png */; };
		E86931892B3780090067A51E /* jiggle_tan_line_2_0.png in Resources */ = {isa = PBXBuildFile; fileRef = E86931582B3780080067A51E /* jiggle_tan_line_2_0.png */; };
		E869318A2B3780090067A51E /* jiggle_tan_line_stroke_2_0.png in Resources */ = {isa = PBXBuildFile; fileRef = E86931592B3780080067A51E /* jiggle_tan_line_stroke_2_0.png */; };
		E869318B2B3780090067A51E /* jiggle_poly_line_2_0.png in Resources */ = {isa = PBXBuildFile; fileRef = E869315A2B3780080067A51E /* jiggle_poly_line_2_0.png */; };
		E869318C2B3780090067A51E /* jiggle_tan_line_stroke_6_0.png in Resources */ = {isa = PBXBuildFile; fileRef = E869315B2B3780080067A51E /* jiggle_tan_line_stroke_6_0.png */; };
		E869318D2B3780090067A51E /* jiggle_tan_line_6_0.png in Resources */ = {isa = PBXBuildFile; fileRef = E869315C2B3780080067A51E /* jiggle_tan_line_6_0.png */; };
		E869318E2B3780090067A51E /* jiggle_poly_line_stroke_1_5.png in Resources */ = {isa = PBXBuildFile; fileRef = E869315D2B3780080067A51E /* jiggle_poly_line_stroke_1_5.png */; };
		E869318F2B3780090067A51E /* jiggle_tan_line_4_0.png in Resources */ = {isa = PBXBuildFile; fileRef = E869315E2B3780080067A51E /* jiggle_tan_line_4_0.png */; };
		E86931902B3780090067A51E /* jiggle_tan_line_stroke_4_0.png in Resources */ = {isa = PBXBuildFile; fileRef = E869315F2B3780080067A51E /* jiggle_tan_line_stroke_4_0.png */; };
		E86931912B3780090067A51E /* jiggle_tan_line_3_0.png in Resources */ = {isa = PBXBuildFile; fileRef = E86931602B3780080067A51E /* jiggle_tan_line_3_0.png */; };
		E86931922B3780090067A51E /* jiggle_tan_line_stroke_3_0.png in Resources */ = {isa = PBXBuildFile; fileRef = E86931612B3780080067A51E /* jiggle_tan_line_stroke_3_0.png */; };
		E86931932B3780090067A51E /* jiggle_poly_line_stroke_2_0.png in Resources */ = {isa = PBXBuildFile; fileRef = E86931622B3780080067A51E /* jiggle_poly_line_stroke_2_0.png */; };
		E86931942B3780090067A51E /* jiggle_tan_line_stroke_1_0.png in Resources */ = {isa = PBXBuildFile; fileRef = E86931632B3780090067A51E /* jiggle_tan_line_stroke_1_0.png */; };
		E86931952B3780090067A51E /* jiggle_tan_line_1_0.png in Resources */ = {isa = PBXBuildFile; fileRef = E86931642B3780090067A51E /* jiggle_tan_line_1_0.png */; };
		E86931962B3780090067A51E /* jiggle_poly_line_1_5.png in Resources */ = {isa = PBXBuildFile; fileRef = E86931652B3780090067A51E /* jiggle_poly_line_1_5.png */; };
		E86931972B3780090067A51E /* jiggle_tan_line_stroke_1_5.png in Resources */ = {isa = PBXBuildFile; fileRef = E86931662B3780090067A51E /* jiggle_tan_line_stroke_1_5.png */; };
		E86931982B3780090067A51E /* jiggle_tan_line_1_5.png in Resources */ = {isa = PBXBuildFile; fileRef = E86931672B3780090067A51E /* jiggle_tan_line_1_5.png */; };
		E86931992B3780090067A51E /* jiggle_poly_line_1_0.png in Resources */ = {isa = PBXBuildFile; fileRef = E86931682B3780090067A51E /* jiggle_poly_line_1_0.png */; };
		E869319A2B3780090067A51E /* jiggle_poly_line_stroke_6_0.png in Resources */ = {isa = PBXBuildFile; fileRef = E86931692B3780090067A51E /* jiggle_poly_line_stroke_6_0.png */; };
		E869319B2B3780090067A51E /* jiggle_poly_line_stroke_4_0.png in Resources */ = {isa = PBXBuildFile; fileRef = E869316A2B3780090067A51E /* jiggle_poly_line_stroke_4_0.png */; };
		E869319C2B3780090067A51E /* jiggle_poly_line_3_0.png in Resources */ = {isa = PBXBuildFile; fileRef = E869316B2B3780090067A51E /* jiggle_poly_line_3_0.png */; };
		E86931A02B3788680067A51E /* FileUtils.swift in Sources */ = {isa = PBXBuildFile; fileRef = E869319E2B3788680067A51E /* FileUtils.swift */; };
		E86931A12B3788680067A51E /* FileBuffer.swift in Sources */ = {isa = PBXBuildFile; fileRef = E869319F2B3788680067A51E /* FileBuffer.swift */; };
		E86931A32B378D0C0067A51E /* Uniforms.swift in Sources */ = {isa = PBXBuildFile; fileRef = E86931A22B378D0C0067A51E /* Uniforms.swift */; };
		E86931A52B37DB610067A51E /* PolyPointBucket.swift in Sources */ = {isa = PBXBuildFile; fileRef = E86931A42B37DB610067A51E /* PolyPointBucket.swift */; };
/* End PBXBuildFile section */

/* Begin PBXFileReference section */
		E82B5A3B2B37744200CFED63 /* DelauneyTriangulator.app */ = {isa = PBXFileReference; explicitFileType = wrapper.application; includeInIndex = 0; path = DelauneyTriangulator.app; sourceTree = BUILT_PRODUCTS_DIR; };
		E82B5A422B37744300CFED63 /* Assets.xcassets */ = {isa = PBXFileReference; lastKnownFileType = folder.assetcatalog; path = Assets.xcassets; sourceTree = "<group>"; };
		E82B5A452B37744300CFED63 /* Preview Assets.xcassets */ = {isa = PBXFileReference; lastKnownFileType = folder.assetcatalog; path = "Preview Assets.xcassets"; sourceTree = "<group>"; };
		E82B5DF22B37775700CFED63 /* DelauneyTriangulatorApp.swift */ = {isa = PBXFileReference; fileEncoding = 4; lastKnownFileType = sourcecode.swift; path = DelauneyTriangulatorApp.swift; sourceTree = "<group>"; };
		E82B5DF42B37775700CFED63 /* MetalView.swift */ = {isa = PBXFileReference; fileEncoding = 4; lastKnownFileType = sourcecode.swift; path = MetalView.swift; sourceTree = "<group>"; };
		E82B5DF52B37775700CFED63 /* MetalPipeline.swift */ = {isa = PBXFileReference; fileEncoding = 4; lastKnownFileType = sourcecode.swift; path = MetalPipeline.swift; sourceTree = "<group>"; };
		E82B5DF62B37775700CFED63 /* MetalEngine.swift */ = {isa = PBXFileReference; fileEncoding = 4; lastKnownFileType = sourcecode.swift; path = MetalEngine.swift; sourceTree = "<group>"; };
		E82B5DF72B37775700CFED63 /* MetalViewController.swift */ = {isa = PBXFileReference; fileEncoding = 4; lastKnownFileType = sourcecode.swift; path = MetalViewController.swift; sourceTree = "<group>"; };
		E82B5E002B37775700CFED63 /* TriangulationData.swift */ = {isa = PBXFileReference; fileEncoding = 4; lastKnownFileType = sourcecode.swift; path = TriangulationData.swift; sourceTree = "<group>"; };
		E82B5E012B37775700CFED63 /* DelauneyTriangulatorPartsFactory.swift */ = {isa = PBXFileReference; fileEncoding = 4; lastKnownFileType = sourcecode.swift; path = DelauneyTriangulatorPartsFactory.swift; sourceTree = "<group>"; };
		E82B5E022B37775700CFED63 /* EdgeGridBucket.swift */ = {isa = PBXFileReference; fileEncoding = 4; lastKnownFileType = sourcecode.swift; path = EdgeGridBucket.swift; sourceTree = "<group>"; };
		E82B5E032B37775700CFED63 /* DelauneyTriangulator.swift */ = {isa = PBXFileReference; fileEncoding = 4; lastKnownFileType = sourcecode.swift; path = DelauneyTriangulator.swift; sourceTree = "<group>"; };
		E82B5E052B37775700CFED63 /* Math.swift */ = {isa = PBXFileReference; fileEncoding = 4; lastKnownFileType = sourcecode.swift; path = Math.swift; sourceTree = "<group>"; };
		E82B5E082B37775700CFED63 /* Sprite2D.swift */ = {isa = PBXFileReference; fileEncoding = 4; lastKnownFileType = sourcecode.swift; path = Sprite2D.swift; sourceTree = "<group>"; };
		E82B5E092B37775700CFED63 /* SpriteInstance2D.swift */ = {isa = PBXFileReference; fileEncoding = 4; lastKnownFileType = sourcecode.swift; path = SpriteInstance2D.swift; sourceTree = "<group>"; };
		E82B5E0A2B37775700CFED63 /* IndexTriangleBufferSpriteColored2D.swift */ = {isa = PBXFileReference; fileEncoding = 4; lastKnownFileType = sourcecode.swift; path = IndexTriangleBufferSpriteColored2D.swift; sourceTree = "<group>"; };
		E82B5E0B2B37775700CFED63 /* Matrix.swift */ = {isa = PBXFileReference; fileEncoding = 4; lastKnownFileType = sourcecode.swift; path = Matrix.swift; sourceTree = "<group>"; };
		E82B5E0C2B37775700CFED63 /* Quaternion.swift */ = {isa = PBXFileReference; fileEncoding = 4; lastKnownFileType = sourcecode.swift; path = Quaternion.swift; sourceTree = "<group>"; };
		E82B5E0D2B37775700CFED63 /* Graphics.swift */ = {isa = PBXFileReference; fileEncoding = 4; lastKnownFileType = sourcecode.swift; path = Graphics.swift; sourceTree = "<group>"; };
		E84357702B38934600C473E5 /* README.md */ = {isa = PBXFileReference; fileEncoding = 4; lastKnownFileType = net.daringfireball.markdown; path = README.md; sourceTree = SOURCE_ROOT; };
		E86931212B3778B30067A51E /* TopMenu.swift */ = {isa = PBXFileReference; lastKnownFileType = sourcecode.swift; path = TopMenu.swift; sourceTree = "<group>"; };
		E86931232B3779310067A51E /* TriangleSceneView.swift */ = {isa = PBXFileReference; lastKnownFileType = sourcecode.swift; path = TriangleSceneView.swift; sourceTree = "<group>"; };
		E86931252B3779670067A51E /* TriangleScene.swift */ = {isa = PBXFileReference; lastKnownFileType = sourcecode.swift; path = TriangleScene.swift; sourceTree = "<group>"; };
		E86931272B37798E0067A51E /* SceneViewModel.swift */ = {isa = PBXFileReference; lastKnownFileType = sourcecode.swift; path = SceneViewModel.swift; sourceTree = "<group>"; };
		E86931292B377A090067A51E /* SceneModel.swift */ = {isa = PBXFileReference; lastKnownFileType = sourcecode.swift; path = SceneModel.swift; sourceTree = "<group>"; };
		E869312B2B377A3D0067A51E /* ContainerView.swift */ = {isa = PBXFileReference; lastKnownFileType = sourcecode.swift; path = ContainerView.swift; sourceTree = "<group>"; };
		E869312D2B377CC10067A51E /* ControlsView.swift */ = {isa = PBXFileReference; lastKnownFileType = sourcecode.swift; path = ControlsView.swift; sourceTree = "<group>"; };
		E86931302B377D680067A51E /* Shape.metal */ = {isa = PBXFileReference; fileEncoding = 4; lastKnownFileType = sourcecode.metal; path = Shape.metal; sourceTree = "<group>"; };
		E86931312B377D680067A51E /* ShapeNodeIndexed.metal */ = {isa = PBXFileReference; fileEncoding = 4; lastKnownFileType = sourcecode.metal; path = ShapeNodeIndexed.metal; sourceTree = "<group>"; };
		E86931322B377D680067A51E /* SpriteNodeIndexed.metal */ = {isa = PBXFileReference; fileEncoding = 4; lastKnownFileType = sourcecode.metal; path = SpriteNodeIndexed.metal; sourceTree = "<group>"; };
		E86931332B377D680067A51E /* Sprite.metal */ = {isa = PBXFileReference; fileEncoding = 4; lastKnownFileType = sourcecode.metal; path = Sprite.metal; sourceTree = "<group>"; };
		E86931392B3780080067A51E /* white_square_32_32.png */ = {isa = PBXFileReference; lastKnownFileType = image.png; path = white_square_32_32.png; sourceTree = "<group>"; };
		E869313B2B3780080067A51E /* jiggle_tan_point_large_stroke_1_5.png */ = {isa = PBXFileReference; lastKnownFileType = image.png; path = jiggle_tan_point_large_stroke_1_5.png; sourceTree = "<group>"; };
		E869313C2B3780080067A51E /* jiggle_tan_point_small_1_5.png */ = {isa = PBXFileReference; lastKnownFileType = image.png; path = jiggle_tan_point_small_1_5.png; sourceTree = "<group>"; };
		E869313D2B3780080067A51E /* jiggle_tan_point_large_stroke_1_0.png */ = {isa = PBXFileReference; lastKnownFileType = image.png; path = jiggle_tan_point_large_stroke_1_0.png; sourceTree = "<group>"; };
		E869313E2B3780080067A51E /* jiggle_tan_point_small_1_0.png */ = {isa = PBXFileReference; lastKnownFileType = image.png; path = jiggle_tan_point_small_1_0.png; sourceTree = "<group>"; };
		E869313F2B3780080067A51E /* jiggle_tan_point_large_stroke_3_0.png */ = {isa = PBXFileReference; lastKnownFileType = image.png; path = jiggle_tan_point_large_stroke_3_0.png; sourceTree = "<group>"; };
		E86931402B3780080067A51E /* jiggle_tan_point_small_3_0.png */ = {isa = PBXFileReference; lastKnownFileType = image.png; path = jiggle_tan_point_small_3_0.png; sourceTree = "<group>"; };
		E86931412B3780080067A51E /* jiggle_tan_point_large_stroke_4_0.png */ = {isa = PBXFileReference; lastKnownFileType = image.png; path = jiggle_tan_point_large_stroke_4_0.png; sourceTree = "<group>"; };
		E86931422B3780080067A51E /* jiggle_tan_point_small_4_0.png */ = {isa = PBXFileReference; lastKnownFileType = image.png; path = jiggle_tan_point_small_4_0.png; sourceTree = "<group>"; };
		E86931432B3780080067A51E /* jiggle_tan_point_large_stroke_6_0.png */ = {isa = PBXFileReference; lastKnownFileType = image.png; path = jiggle_tan_point_large_stroke_6_0.png; sourceTree = "<group>"; };
		E86931442B3780080067A51E /* jiggle_tan_point_small_6_0.png */ = {isa = PBXFileReference; lastKnownFileType = image.png; path = jiggle_tan_point_small_6_0.png; sourceTree = "<group>"; };
		E86931452B3780080067A51E /* jiggle_tan_point_small_2_0.png */ = {isa = PBXFileReference; lastKnownFileType = image.png; path = jiggle_tan_point_small_2_0.png; sourceTree = "<group>"; };
		E86931462B3780080067A51E /* jiggle_tan_point_large_stroke_2_0.png */ = {isa = PBXFileReference; lastKnownFileType = image.png; path = jiggle_tan_point_large_stroke_2_0.png; sourceTree = "<group>"; };
		E86931472B3780080067A51E /* jiggle_tan_point_large_1_5.png */ = {isa = PBXFileReference; lastKnownFileType = image.png; path = jiggle_tan_point_large_1_5.png; sourceTree = "<group>"; };
		E86931482B3780080067A51E /* jiggle_tan_point_small_stroke_2_0.png */ = {isa = PBXFileReference; lastKnownFileType = image.png; path = jiggle_tan_point_small_stroke_2_0.png; sourceTree = "<group>"; };
		E86931492B3780080067A51E /* jiggle_tan_point_small_stroke_6_0.png */ = {isa = PBXFileReference; lastKnownFileType = image.png; path = jiggle_tan_point_small_stroke_6_0.png; sourceTree = "<group>"; };
		E869314A2B3780080067A51E /* jiggle_tan_point_large_3_0.png */ = {isa = PBXFileReference; lastKnownFileType = image.png; path = jiggle_tan_point_large_3_0.png; sourceTree = "<group>"; };
		E869314B2B3780080067A51E /* jiggle_tan_point_large_1_0.png */ = {isa = PBXFileReference; lastKnownFileType = image.png; path = jiggle_tan_point_large_1_0.png; sourceTree = "<group>"; };
		E869314C2B3780080067A51E /* jiggle_tan_point_small_stroke_4_0.png */ = {isa = PBXFileReference; lastKnownFileType = image.png; path = jiggle_tan_point_small_stroke_4_0.png; sourceTree = "<group>"; };
		E869314D2B3780080067A51E /* jiggle_tan_point_large_6_0.png */ = {isa = PBXFileReference; lastKnownFileType = image.png; path = jiggle_tan_point_large_6_0.png; sourceTree = "<group>"; };
		E869314E2B3780080067A51E /* jiggle_tan_point_small_stroke_3_0.png */ = {isa = PBXFileReference; lastKnownFileType = image.png; path = jiggle_tan_point_small_stroke_3_0.png; sourceTree = "<group>"; };
		E869314F2B3780080067A51E /* jiggle_tan_point_small_stroke_1_0.png */ = {isa = PBXFileReference; lastKnownFileType = image.png; path = jiggle_tan_point_small_stroke_1_0.png; sourceTree = "<group>"; };
		E86931502B3780080067A51E /* jiggle_tan_point_large_4_0.png */ = {isa = PBXFileReference; lastKnownFileType = image.png; path = jiggle_tan_point_large_4_0.png; sourceTree = "<group>"; };
		E86931512B3780080067A51E /* jiggle_tan_point_small_stroke_1_5.png */ = {isa = PBXFileReference; lastKnownFileType = image.png; path = jiggle_tan_point_small_stroke_1_5.png; sourceTree = "<group>"; };
		E86931522B3780080067A51E /* jiggle_tan_point_large_2_0.png */ = {isa = PBXFileReference; lastKnownFileType = image.png; path = jiggle_tan_point_large_2_0.png; sourceTree = "<group>"; };
		E86931542B3780080067A51E /* jiggle_poly_line_stroke_3_0.png */ = {isa = PBXFileReference; lastKnownFileType = image.png; path = jiggle_poly_line_stroke_3_0.png; sourceTree = "<group>"; };
		E86931552B3780080067A51E /* jiggle_poly_line_4_0.png */ = {isa = PBXFileReference; lastKnownFileType = image.png; path = jiggle_poly_line_4_0.png; sourceTree = "<group>"; };
		E86931562B3780080067A51E /* jiggle_poly_line_6_0.png */ = {isa = PBXFileReference; lastKnownFileType = image.png; path = jiggle_poly_line_6_0.png; sourceTree = "<group>"; };
		E86931572B3780080067A51E /* jiggle_poly_line_stroke_1_0.png */ = {isa = PBXFileReference; lastKnownFileType = image.png; path = jiggle_poly_line_stroke_1_0.png; sourceTree = "<group>"; };
		E86931582B3780080067A51E /* jiggle_tan_line_2_0.png */ = {isa = PBXFileReference; lastKnownFileType = image.png; path = jiggle_tan_line_2_0.png; sourceTree = "<group>"; };
		E86931592B3780080067A51E /* jiggle_tan_line_stroke_2_0.png */ = {isa = PBXFileReference; lastKnownFileType = image.png; path = jiggle_tan_line_stroke_2_0.png; sourceTree = "<group>"; };
		E869315A2B3780080067A51E /* jiggle_poly_line_2_0.png */ = {isa = PBXFileReference; lastKnownFileType = image.png; path = jiggle_poly_line_2_0.png; sourceTree = "<group>"; };
		E869315B2B3780080067A51E /* jiggle_tan_line_stroke_6_0.png */ = {isa = PBXFileReference; lastKnownFileType = image.png; path = jiggle_tan_line_stroke_6_0.png; sourceTree = "<group>"; };
		E869315C2B3780080067A51E /* jiggle_tan_line_6_0.png */ = {isa = PBXFileReference; lastKnownFileType = image.png; path = jiggle_tan_line_6_0.png; sourceTree = "<group>"; };
		E869315D2B3780080067A51E /* jiggle_poly_line_stroke_1_5.png */ = {isa = PBXFileReference; lastKnownFileType = image.png; path = jiggle_poly_line_stroke_1_5.png; sourceTree = "<group>"; };
		E869315E2B3780080067A51E /* jiggle_tan_line_4_0.png */ = {isa = PBXFileReference; lastKnownFileType = image.png; path = jiggle_tan_line_4_0.png; sourceTree = "<group>"; };
		E869315F2B3780080067A51E /* jiggle_tan_line_stroke_4_0.png */ = {isa = PBXFileReference; lastKnownFileType = image.png; path = jiggle_tan_line_stroke_4_0.png; sourceTree = "<group>"; };
		E86931602B3780080067A51E /* jiggle_tan_line_3_0.png */ = {isa = PBXFileReference; lastKnownFileType = image.png; path = jiggle_tan_line_3_0.png; sourceTree = "<group>"; };
		E86931612B3780080067A51E /* jiggle_tan_line_stroke_3_0.png */ = {isa = PBXFileReference; lastKnownFileType = image.png; path = jiggle_tan_line_stroke_3_0.png; sourceTree = "<group>"; };
		E86931622B3780080067A51E /* jiggle_poly_line_stroke_2_0.png */ = {isa = PBXFileReference; lastKnownFileType = image.png; path = jiggle_poly_line_stroke_2_0.png; sourceTree = "<group>"; };
		E86931632B3780090067A51E /* jiggle_tan_line_stroke_1_0.png */ = {isa = PBXFileReference; lastKnownFileType = image.png; path = jiggle_tan_line_stroke_1_0.png; sourceTree = "<group>"; };
		E86931642B3780090067A51E /* jiggle_tan_line_1_0.png */ = {isa = PBXFileReference; lastKnownFileType = image.png; path = jiggle_tan_line_1_0.png; sourceTree = "<group>"; };
		E86931652B3780090067A51E /* jiggle_poly_line_1_5.png */ = {isa = PBXFileReference; lastKnownFileType = image.png; path = jiggle_poly_line_1_5.png; sourceTree = "<group>"; };
		E86931662B3780090067A51E /* jiggle_tan_line_stroke_1_5.png */ = {isa = PBXFileReference; lastKnownFileType = image.png; path = jiggle_tan_line_stroke_1_5.png; sourceTree = "<group>"; };
		E86931672B3780090067A51E /* jiggle_tan_line_1_5.png */ = {isa = PBXFileReference; lastKnownFileType = image.png; path = jiggle_tan_line_1_5.png; sourceTree = "<group>"; };
		E86931682B3780090067A51E /* jiggle_poly_line_1_0.png */ = {isa = PBXFileReference; lastKnownFileType = image.png; path = jiggle_poly_line_1_0.png; sourceTree = "<group>"; };
		E86931692B3780090067A51E /* jiggle_poly_line_stroke_6_0.png */ = {isa = PBXFileReference; lastKnownFileType = image.png; path = jiggle_poly_line_stroke_6_0.png; sourceTree = "<group>"; };
		E869316A2B3780090067A51E /* jiggle_poly_line_stroke_4_0.png */ = {isa = PBXFileReference; lastKnownFileType = image.png; path = jiggle_poly_line_stroke_4_0.png; sourceTree = "<group>"; };
		E869316B2B3780090067A51E /* jiggle_poly_line_3_0.png */ = {isa = PBXFileReference; lastKnownFileType = image.png; path = jiggle_poly_line_3_0.png; sourceTree = "<group>"; };
		E869319E2B3788680067A51E /* FileUtils.swift */ = {isa = PBXFileReference; fileEncoding = 4; lastKnownFileType = sourcecode.swift; path = FileUtils.swift; sourceTree = "<group>"; };
		E869319F2B3788680067A51E /* FileBuffer.swift */ = {isa = PBXFileReference; fileEncoding = 4; lastKnownFileType = sourcecode.swift; path = FileBuffer.swift; sourceTree = "<group>"; };
		E86931A22B378D0C0067A51E /* Uniforms.swift */ = {isa = PBXFileReference; fileEncoding = 4; lastKnownFileType = sourcecode.swift; path = Uniforms.swift; sourceTree = "<group>"; };
		E86931A42B37DB610067A51E /* PolyPointBucket.swift */ = {isa = PBXFileReference; lastKnownFileType = sourcecode.swift; path = PolyPointBucket.swift; sourceTree = "<group>"; };
/* End PBXFileReference section */

/* Begin PBXFrameworksBuildPhase section */
		E82B5A382B37744200CFED63 /* Frameworks */ = {
			isa = PBXFrameworksBuildPhase;
			buildActionMask = 2147483647;
			files = (
			);
			runOnlyForDeploymentPostprocessing = 0;
		};
/* End PBXFrameworksBuildPhase section */

/* Begin PBXGroup section */
		E82B5A322B37744200CFED63 = {
			isa = PBXGroup;
			children = (
				E82B5A3D2B37744200CFED63 /* DelauneyTriangulator */,
				E82B5A3C2B37744200CFED63 /* Products */,
			);
			sourceTree = "<group>";
		};
		E82B5A3C2B37744200CFED63 /* Products */ = {
			isa = PBXGroup;
			children = (
				E82B5A3B2B37744200CFED63 /* DelauneyTriangulator.app */,
			);
			name = Products;
			sourceTree = "<group>";
		};
		E82B5A3D2B37744200CFED63 /* DelauneyTriangulator */ = {
			isa = PBXGroup;
			children = (
				E84357702B38934600C473E5 /* README.md */,
				E86931382B3780080067A51E /* Assets */,
				E82B5DF12B37775700CFED63 /* Code */,
				E82B5A422B37744300CFED63 /* Assets.xcassets */,
				E82B5A442B37744300CFED63 /* Preview Content */,
			);
			path = DelauneyTriangulator;
			sourceTree = "<group>";
		};
		E82B5A442B37744300CFED63 /* Preview Content */ = {
			isa = PBXGroup;
			children = (
				E82B5A452B37744300CFED63 /* Preview Assets.xcassets */,
			);
			path = "Preview Content";
			sourceTree = "<group>";
		};
		E82B5DF12B37775700CFED63 /* Code */ = {
			isa = PBXGroup;
			children = (
				E82B5DF22B37775700CFED63 /* DelauneyTriangulatorApp.swift */,
				E82B5DFE2B37775700CFED63 /* [Delauney] */,
				E82B5DF32B37775700CFED63 /* Metal */,
				E82B5E042B37775700CFED63 /* Graphics */,
				E86931212B3778B30067A51E /* TopMenu.swift */,
				E86931232B3779310067A51E /* TriangleSceneView.swift */,
				E86931252B3779670067A51E /* TriangleScene.swift */,
				E86931272B37798E0067A51E /* SceneViewModel.swift */,
				E86931292B377A090067A51E /* SceneModel.swift */,
				E869312B2B377A3D0067A51E /* ContainerView.swift */,
				E869312D2B377CC10067A51E /* ControlsView.swift */,
				E869319D2B3788680067A51E /* File */,
			);
			path = Code;
			sourceTree = "<group>";
		};
		E82B5DF32B37775700CFED63 /* Metal */ = {
			isa = PBXGroup;
			children = (
				E82B5DF42B37775700CFED63 /* MetalView.swift */,
				E82B5DF52B37775700CFED63 /* MetalPipeline.swift */,
				E82B5DF62B37775700CFED63 /* MetalEngine.swift */,
				E82B5DF72B37775700CFED63 /* MetalViewController.swift */,
			);
			path = Metal;
			sourceTree = "<group>";
		};
		E82B5DFE2B37775700CFED63 /* [Delauney] */ = {
			isa = PBXGroup;
			children = (
				E82B5E032B37775700CFED63 /* DelauneyTriangulator.swift */,
				E82B5E012B37775700CFED63 /* DelauneyTriangulatorPartsFactory.swift */,
				E82B5E022B37775700CFED63 /* EdgeGridBucket.swift */,
				E82B5E002B37775700CFED63 /* TriangulationData.swift */,
				E86931A42B37DB610067A51E /* PolyPointBucket.swift */,
			);
			path = "[Delauney]";
			sourceTree = "<group>";
		};
		E82B5E042B37775700CFED63 /* Graphics */ = {
			isa = PBXGroup;
			children = (
				E869312F2B377D680067A51E /* Shaders */,
				E82B5E0A2B37775700CFED63 /* IndexTriangleBufferSpriteColored2D.swift */,
				E82B5E0D2B37775700CFED63 /* Graphics.swift */,
				E82B5E052B37775700CFED63 /* Math.swift */,
				E82B5E0B2B37775700CFED63 /* Matrix.swift */,
				E82B5E0C2B37775700CFED63 /* Quaternion.swift */,
				E82B5E082B37775700CFED63 /* Sprite2D.swift */,
				E82B5E092B37775700CFED63 /* SpriteInstance2D.swift */,
				E86931A22B378D0C0067A51E /* Uniforms.swift */,
			);
			path = Graphics;
			sourceTree = "<group>";
		};
		E869312F2B377D680067A51E /* Shaders */ = {
			isa = PBXGroup;
			children = (
				E86931302B377D680067A51E /* Shape.metal */,
				E86931312B377D680067A51E /* ShapeNodeIndexed.metal */,
				E86931322B377D680067A51E /* SpriteNodeIndexed.metal */,
				E86931332B377D680067A51E /* Sprite.metal */,
			);
			path = Shaders;
			sourceTree = "<group>";
		};
		E86931382B3780080067A51E /* Assets */ = {
			isa = PBXGroup;
			children = (
				E86931392B3780080067A51E /* white_square_32_32.png */,
				E869313A2B3780080067A51E /* dots */,
				E86931532B3780080067A51E /* lines */,
			);
			path = Assets;
			sourceTree = "<group>";
		};
		E869313A2B3780080067A51E /* dots */ = {
			isa = PBXGroup;
			children = (
				E869313B2B3780080067A51E /* jiggle_tan_point_large_stroke_1_5.png */,
				E869313C2B3780080067A51E /* jiggle_tan_point_small_1_5.png */,
				E869313D2B3780080067A51E /* jiggle_tan_point_large_stroke_1_0.png */,
				E869313E2B3780080067A51E /* jiggle_tan_point_small_1_0.png */,
				E869313F2B3780080067A51E /* jiggle_tan_point_large_stroke_3_0.png */,
				E86931402B3780080067A51E /* jiggle_tan_point_small_3_0.png */,
				E86931412B3780080067A51E /* jiggle_tan_point_large_stroke_4_0.png */,
				E86931422B3780080067A51E /* jiggle_tan_point_small_4_0.png */,
				E86931432B3780080067A51E /* jiggle_tan_point_large_stroke_6_0.png */,
				E86931442B3780080067A51E /* jiggle_tan_point_small_6_0.png */,
				E86931452B3780080067A51E /* jiggle_tan_point_small_2_0.png */,
				E86931462B3780080067A51E /* jiggle_tan_point_large_stroke_2_0.png */,
				E86931472B3780080067A51E /* jiggle_tan_point_large_1_5.png */,
				E86931482B3780080067A51E /* jiggle_tan_point_small_stroke_2_0.png */,
				E86931492B3780080067A51E /* jiggle_tan_point_small_stroke_6_0.png */,
				E869314A2B3780080067A51E /* jiggle_tan_point_large_3_0.png */,
				E869314B2B3780080067A51E /* jiggle_tan_point_large_1_0.png */,
				E869314C2B3780080067A51E /* jiggle_tan_point_small_stroke_4_0.png */,
				E869314D2B3780080067A51E /* jiggle_tan_point_large_6_0.png */,
				E869314E2B3780080067A51E /* jiggle_tan_point_small_stroke_3_0.png */,
				E869314F2B3780080067A51E /* jiggle_tan_point_small_stroke_1_0.png */,
				E86931502B3780080067A51E /* jiggle_tan_point_large_4_0.png */,
				E86931512B3780080067A51E /* jiggle_tan_point_small_stroke_1_5.png */,
				E86931522B3780080067A51E /* jiggle_tan_point_large_2_0.png */,
			);
			path = dots;
			sourceTree = "<group>";
		};
		E86931532B3780080067A51E /* lines */ = {
			isa = PBXGroup;
			children = (
				E86931542B3780080067A51E /* jiggle_poly_line_stroke_3_0.png */,
				E86931552B3780080067A51E /* jiggle_poly_line_4_0.png */,
				E86931562B3780080067A51E /* jiggle_poly_line_6_0.png */,
				E86931572B3780080067A51E /* jiggle_poly_line_stroke_1_0.png */,
				E86931582B3780080067A51E /* jiggle_tan_line_2_0.png */,
				E86931592B3780080067A51E /* jiggle_tan_line_stroke_2_0.png */,
				E869315A2B3780080067A51E /* jiggle_poly_line_2_0.png */,
				E869315B2B3780080067A51E /* jiggle_tan_line_stroke_6_0.png */,
				E869315C2B3780080067A51E /* jiggle_tan_line_6_0.png */,
				E869315D2B3780080067A51E /* jiggle_poly_line_stroke_1_5.png */,
				E869315E2B3780080067A51E /* jiggle_tan_line_4_0.png */,
				E869315F2B3780080067A51E /* jiggle_tan_line_stroke_4_0.png */,
				E86931602B3780080067A51E /* jiggle_tan_line_3_0.png */,
				E86931612B3780080067A51E /* jiggle_tan_line_stroke_3_0.png */,
				E86931622B3780080067A51E /* jiggle_poly_line_stroke_2_0.png */,
				E86931632B3780090067A51E /* jiggle_tan_line_stroke_1_0.png */,
				E86931642B3780090067A51E /* jiggle_tan_line_1_0.png */,
				E86931652B3780090067A51E /* jiggle_poly_line_1_5.png */,
				E86931662B3780090067A51E /* jiggle_tan_line_stroke_1_5.png */,
				E86931672B3780090067A51E /* jiggle_tan_line_1_5.png */,
				E86931682B3780090067A51E /* jiggle_poly_line_1_0.png */,
				E86931692B3780090067A51E /* jiggle_poly_line_stroke_6_0.png */,
				E869316A2B3780090067A51E /* jiggle_poly_line_stroke_4_0.png */,
				E869316B2B3780090067A51E /* jiggle_poly_line_3_0.png */,
			);
			path = lines;
			sourceTree = "<group>";
		};
		E869319D2B3788680067A51E /* File */ = {
			isa = PBXGroup;
			children = (
				E869319E2B3788680067A51E /* FileUtils.swift */,
				E869319F2B3788680067A51E /* FileBuffer.swift */,
			);
			path = File;
			sourceTree = "<group>";
		};
/* End PBXGroup section */

/* Begin PBXNativeTarget section */
		E82B5A3A2B37744200CFED63 /* DelauneyTriangulator */ = {
			isa = PBXNativeTarget;
			buildConfigurationList = E82B5A492B37744300CFED63 /* Build configuration list for PBXNativeTarget "DelauneyTriangulator" */;
			buildPhases = (
				E82B5A372B37744200CFED63 /* Sources */,
				E82B5A382B37744200CFED63 /* Frameworks */,
				E82B5A392B37744200CFED63 /* Resources */,
			);
			buildRules = (
			);
			dependencies = (
			);
			name = DelauneyTriangulator;
			productName = DelauneyTriangulator;
			productReference = E82B5A3B2B37744200CFED63 /* DelauneyTriangulator.app */;
			productType = "com.apple.product-type.application";
		};
/* End PBXNativeTarget section */

/* Begin PBXProject section */
		E82B5A332B37744200CFED63 /* Project object */ = {
			isa = PBXProject;
			attributes = {
				BuildIndependentTargetsInParallel = 1;
				LastSwiftUpdateCheck = 1500;
				LastUpgradeCheck = 1500;
				TargetAttributes = {
					E82B5A3A2B37744200CFED63 = {
						CreatedOnToolsVersion = 15.0.1;
					};
				};
			};
			buildConfigurationList = E82B5A362B37744200CFED63 /* Build configuration list for PBXProject "DelauneyTriangulator" */;
			compatibilityVersion = "Xcode 14.0";
			developmentRegion = en;
			hasScannedForEncodings = 0;
			knownRegions = (
				en,
				Base,
			);
			mainGroup = E82B5A322B37744200CFED63;
			productRefGroup = E82B5A3C2B37744200CFED63 /* Products */;
			projectDirPath = "";
			projectRoot = "";
			targets = (
				E82B5A3A2B37744200CFED63 /* DelauneyTriangulator */,
			);
		};
/* End PBXProject section */

/* Begin PBXResourcesBuildPhase section */
		E82B5A392B37744200CFED63 /* Resources */ = {
			isa = PBXResourcesBuildPhase;
			buildActionMask = 2147483647;
			files = (
				E869318E2B3780090067A51E /* jiggle_poly_line_stroke_1_5.png in Resources */,
				E869318B2B3780090067A51E /* jiggle_poly_line_2_0.png in Resources */,
				E869319B2B3780090067A51E /* jiggle_poly_line_stroke_4_0.png in Resources */,
				E869318A2B3780090067A51E /* jiggle_tan_line_stroke_2_0.png in Resources */,
				E82B5A462B37744300CFED63 /* Preview Assets.xcassets in Resources */,
				E86931962B3780090067A51E /* jiggle_poly_line_1_5.png in Resources */,
				E869317F2B3780090067A51E /* jiggle_tan_point_large_6_0.png in Resources */,
				E86931762B3780090067A51E /* jiggle_tan_point_small_6_0.png in Resources */,
				E86931922B3780090067A51E /* jiggle_tan_line_stroke_3_0.png in Resources */,
				E869317E2B3780090067A51E /* jiggle_tan_point_small_stroke_4_0.png in Resources */,
				E86931722B3780090067A51E /* jiggle_tan_point_small_3_0.png in Resources */,
				E86931942B3780090067A51E /* jiggle_tan_line_stroke_1_0.png in Resources */,
				E86931832B3780090067A51E /* jiggle_tan_point_small_stroke_1_5.png in Resources */,
				E869317C2B3780090067A51E /* jiggle_tan_point_large_3_0.png in Resources */,
				E869318D2B3780090067A51E /* jiggle_tan_line_6_0.png in Resources */,
				E86931772B3780090067A51E /* jiggle_tan_point_small_2_0.png in Resources */,
				E869316D2B3780090067A51E /* jiggle_tan_point_large_stroke_1_5.png in Resources */,
				E86931952B3780090067A51E /* jiggle_tan_line_1_0.png in Resources */,
				E86931752B3780090067A51E /* jiggle_tan_point_large_stroke_6_0.png in Resources */,
				E86931932B3780090067A51E /* jiggle_poly_line_stroke_2_0.png in Resources */,
				E86931912B3780090067A51E /* jiggle_tan_line_3_0.png in Resources */,
				E86931992B3780090067A51E /* jiggle_poly_line_1_0.png in Resources */,
				E86931732B3780090067A51E /* jiggle_tan_point_large_stroke_4_0.png in Resources */,
				E869316C2B3780090067A51E /* white_square_32_32.png in Resources */,
				E86931812B3780090067A51E /* jiggle_tan_point_small_stroke_1_0.png in Resources */,
				E869318F2B3780090067A51E /* jiggle_tan_line_4_0.png in Resources */,
				E86931842B3780090067A51E /* jiggle_tan_point_large_2_0.png in Resources */,
				E869317B2B3780090067A51E /* jiggle_tan_point_small_stroke_6_0.png in Resources */,
				E86931702B3780090067A51E /* jiggle_tan_point_small_1_0.png in Resources */,
				E86931852B3780090067A51E /* jiggle_poly_line_stroke_3_0.png in Resources */,
				E84357712B38934600C473E5 /* README.md in Resources */,
				E86931792B3780090067A51E /* jiggle_tan_point_large_1_5.png in Resources */,
				E869316F2B3780090067A51E /* jiggle_tan_point_large_stroke_1_0.png in Resources */,
				E869317D2B3780090067A51E /* jiggle_tan_point_large_1_0.png in Resources */,
				E86931882B3780090067A51E /* jiggle_poly_line_stroke_1_0.png in Resources */,
				E86931802B3780090067A51E /* jiggle_tan_point_small_stroke_3_0.png in Resources */,
				E86931782B3780090067A51E /* jiggle_tan_point_large_stroke_2_0.png in Resources */,
				E869316E2B3780090067A51E /* jiggle_tan_point_small_1_5.png in Resources */,
				E86931862B3780090067A51E /* jiggle_poly_line_4_0.png in Resources */,
				E86931972B3780090067A51E /* jiggle_tan_line_stroke_1_5.png in Resources */,
				E869319A2B3780090067A51E /* jiggle_poly_line_stroke_6_0.png in Resources */,
				E86931982B3780090067A51E /* jiggle_tan_line_1_5.png in Resources */,
				E82B5A432B37744300CFED63 /* Assets.xcassets in Resources */,
				E86931822B3780090067A51E /* jiggle_tan_point_large_4_0.png in Resources */,
				E86931892B3780090067A51E /* jiggle_tan_line_2_0.png in Resources */,
				E869319C2B3780090067A51E /* jiggle_poly_line_3_0.png in Resources */,
				E869317A2B3780090067A51E /* jiggle_tan_point_small_stroke_2_0.png in Resources */,
				E86931872B3780090067A51E /* jiggle_poly_line_6_0.png in Resources */,
				E86931712B3780090067A51E /* jiggle_tan_point_large_stroke_3_0.png in Resources */,
				E86931742B3780090067A51E /* jiggle_tan_point_small_4_0.png in Resources */,
				E869318C2B3780090067A51E /* jiggle_tan_line_stroke_6_0.png in Resources */,
				E86931902B3780090067A51E /* jiggle_tan_line_stroke_4_0.png in Resources */,
			);
			runOnlyForDeploymentPostprocessing = 0;
		};
/* End PBXResourcesBuildPhase section */

/* Begin PBXSourcesBuildPhase section */
		E82B5A372B37744200CFED63 /* Sources */ = {
			isa = PBXSourcesBuildPhase;
			buildActionMask = 2147483647;
			files = (
				E82B5E1B2B37775700CFED63 /* DelauneyTriangulatorPartsFactory.swift in Sources */,
				E82B5E232B37775700CFED63 /* IndexTriangleBufferSpriteColored2D.swift in Sources */,
				E82B5E112B37775700CFED63 /* MetalPipeline.swift in Sources */,
				E82B5E132B37775700CFED63 /* MetalViewController.swift in Sources */,
				E82B5E212B37775700CFED63 /* Sprite2D.swift in Sources */,
				E82B5E1E2B37775700CFED63 /* Math.swift in Sources */,
				E86931222B3778B30067A51E /* TopMenu.swift in Sources */,
				E82B5E0F2B37775700CFED63 /* DelauneyTriangulatorApp.swift in Sources */,
				E86931282B37798E0067A51E /* SceneViewModel.swift in Sources */,
				E82B5E252B37775700CFED63 /* Quaternion.swift in Sources */,
				E86931A12B3788680067A51E /* FileBuffer.swift in Sources */,
				E82B5E222B37775700CFED63 /* SpriteInstance2D.swift in Sources */,
				E86931352B377D680067A51E /* ShapeNodeIndexed.metal in Sources */,
				E82B5E102B37775700CFED63 /* MetalView.swift in Sources */,
				E86931262B3779670067A51E /* TriangleScene.swift in Sources */,
				E86931A02B3788680067A51E /* FileUtils.swift in Sources */,
				E82B5E122B37775700CFED63 /* MetalEngine.swift in Sources */,
				E86931362B377D680067A51E /* SpriteNodeIndexed.metal in Sources */,
				E869312C2B377A3D0067A51E /* ContainerView.swift in Sources */,
				E82B5E1A2B37775700CFED63 /* TriangulationData.swift in Sources */,
				E82B5E262B37775700CFED63 /* Graphics.swift in Sources */,
				E86931A52B37DB610067A51E /* PolyPointBucket.swift in Sources */,
				E82B5E1D2B37775700CFED63 /* DelauneyTriangulator.swift in Sources */,
				E86931342B377D680067A51E /* Shape.metal in Sources */,
				E86931372B377D680067A51E /* Sprite.metal in Sources */,
				E82B5E242B37775700CFED63 /* Matrix.swift in Sources */,
				E869312A2B377A090067A51E /* SceneModel.swift in Sources */,
				E82B5E1C2B37775700CFED63 /* EdgeGridBucket.swift in Sources */,
				E869312E2B377CC10067A51E /* ControlsView.swift in Sources */,
				E86931A32B378D0C0067A51E /* Uniforms.swift in Sources */,
				E86931242B3779310067A51E /* TriangleSceneView.swift in Sources */,
			);
			runOnlyForDeploymentPostprocessing = 0;
		};
/* End PBXSourcesBuildPhase section */

/* Begin XCBuildConfiguration section */
		E82B5A472B37744300CFED63 /* Debug */ = {
			isa = XCBuildConfiguration;
			buildSettings = {
				ALWAYS_SEARCH_USER_PATHS = NO;
				ASSETCATALOG_COMPILER_GENERATE_SWIFT_ASSET_SYMBOL_EXTENSIONS = YES;
				CLANG_ANALYZER_NONNULL = YES;
				CLANG_ANALYZER_NUMBER_OBJECT_CONVERSION = YES_AGGRESSIVE;
				CLANG_CXX_LANGUAGE_STANDARD = "gnu++20";
				CLANG_ENABLE_MODULES = YES;
				CLANG_ENABLE_OBJC_ARC = YES;
				CLANG_ENABLE_OBJC_WEAK = YES;
				CLANG_WARN_BLOCK_CAPTURE_AUTORELEASING = YES;
				CLANG_WARN_BOOL_CONVERSION = YES;
				CLANG_WARN_COMMA = YES;
				CLANG_WARN_CONSTANT_CONVERSION = YES;
				CLANG_WARN_DEPRECATED_OBJC_IMPLEMENTATIONS = YES;
				CLANG_WARN_DIRECT_OBJC_ISA_USAGE = YES_ERROR;
				CLANG_WARN_DOCUMENTATION_COMMENTS = YES;
				CLANG_WARN_EMPTY_BODY = YES;
				CLANG_WARN_ENUM_CONVERSION = YES;
				CLANG_WARN_INFINITE_RECURSION = YES;
				CLANG_WARN_INT_CONVERSION = YES;
				CLANG_WARN_NON_LITERAL_NULL_CONVERSION = YES;
				CLANG_WARN_OBJC_IMPLICIT_RETAIN_SELF = YES;
				CLANG_WARN_OBJC_LITERAL_CONVERSION = YES;
				CLANG_WARN_OBJC_ROOT_CLASS = YES_ERROR;
				CLANG_WARN_QUOTED_INCLUDE_IN_FRAMEWORK_HEADER = YES;
				CLANG_WARN_RANGE_LOOP_ANALYSIS = YES;
				CLANG_WARN_STRICT_PROTOTYPES = YES;
				CLANG_WARN_SUSPICIOUS_MOVE = YES;
				CLANG_WARN_UNGUARDED_AVAILABILITY = YES_AGGRESSIVE;
				CLANG_WARN_UNREACHABLE_CODE = YES;
				CLANG_WARN__DUPLICATE_METHOD_MATCH = YES;
				COPY_PHASE_STRIP = NO;
				DEBUG_INFORMATION_FORMAT = dwarf;
				ENABLE_STRICT_OBJC_MSGSEND = YES;
				ENABLE_TESTABILITY = YES;
				ENABLE_USER_SCRIPT_SANDBOXING = YES;
				GCC_C_LANGUAGE_STANDARD = gnu17;
				GCC_DYNAMIC_NO_PIC = NO;
				GCC_NO_COMMON_BLOCKS = YES;
				GCC_OPTIMIZATION_LEVEL = 0;
				GCC_PREPROCESSOR_DEFINITIONS = (
					"DEBUG=1",
					"$(inherited)",
				);
				GCC_WARN_64_TO_32_BIT_CONVERSION = YES;
				GCC_WARN_ABOUT_RETURN_TYPE = YES_ERROR;
				GCC_WARN_UNDECLARED_SELECTOR = YES;
				GCC_WARN_UNINITIALIZED_AUTOS = YES_AGGRESSIVE;
				GCC_WARN_UNUSED_FUNCTION = YES;
				GCC_WARN_UNUSED_VARIABLE = YES;
				IPHONEOS_DEPLOYMENT_TARGET = 17.0;
				LOCALIZATION_PREFERS_STRING_CATALOGS = YES;
				MTL_ENABLE_DEBUG_INFO = INCLUDE_SOURCE;
				MTL_FAST_MATH = YES;
				ONLY_ACTIVE_ARCH = YES;
				SDKROOT = iphoneos;
				SWIFT_ACTIVE_COMPILATION_CONDITIONS = "DEBUG $(inherited)";
				SWIFT_OPTIMIZATION_LEVEL = "-Onone";
			};
			name = Debug;
		};
		E82B5A482B37744300CFED63 /* Release */ = {
			isa = XCBuildConfiguration;
			buildSettings = {
				ALWAYS_SEARCH_USER_PATHS = NO;
				ASSETCATALOG_COMPILER_GENERATE_SWIFT_ASSET_SYMBOL_EXTENSIONS = YES;
				CLANG_ANALYZER_NONNULL = YES;
				CLANG_ANALYZER_NUMBER_OBJECT_CONVERSION = YES_AGGRESSIVE;
				CLANG_CXX_LANGUAGE_STANDARD = "gnu++20";
				CLANG_ENABLE_MODULES = YES;
				CLANG_ENABLE_OBJC_ARC = YES;
				CLANG_ENABLE_OBJC_WEAK = YES;
				CLANG_WARN_BLOCK_CAPTURE_AUTORELEASING = YES;
				CLANG_WARN_BOOL_CONVERSION = YES;
				CLANG_WARN_COMMA = YES;
				CLANG_WARN_CONSTANT_CONVERSION = YES;
				CLANG_WARN_DEPRECATED_OBJC_IMPLEMENTATIONS = YES;
				CLANG_WARN_DIRECT_OBJC_ISA_USAGE = YES_ERROR;
				CLANG_WARN_DOCUMENTATION_COMMENTS = YES;
				CLANG_WARN_EMPTY_BODY = YES;
				CLANG_WARN_ENUM_CONVERSION = YES;
				CLANG_WARN_INFINITE_RECURSION = YES;
				CLANG_WARN_INT_CONVERSION = YES;
				CLANG_WARN_NON_LITERAL_NULL_CONVERSION = YES;
				CLANG_WARN_OBJC_IMPLICIT_RETAIN_SELF = YES;
				CLANG_WARN_OBJC_LITERAL_CONVERSION = YES;
				CLANG_WARN_OBJC_ROOT_CLASS = YES_ERROR;
				CLANG_WARN_QUOTED_INCLUDE_IN_FRAMEWORK_HEADER = YES;
				CLANG_WARN_RANGE_LOOP_ANALYSIS = YES;
				CLANG_WARN_STRICT_PROTOTYPES = YES;
				CLANG_WARN_SUSPICIOUS_MOVE = YES;
				CLANG_WARN_UNGUARDED_AVAILABILITY = YES_AGGRESSIVE;
				CLANG_WARN_UNREACHABLE_CODE = YES;
				CLANG_WARN__DUPLICATE_METHOD_MATCH = YES;
				COPY_PHASE_STRIP = NO;
				DEBUG_INFORMATION_FORMAT = "dwarf-with-dsym";
				ENABLE_NS_ASSERTIONS = NO;
				ENABLE_STRICT_OBJC_MSGSEND = YES;
				ENABLE_USER_SCRIPT_SANDBOXING = YES;
				GCC_C_LANGUAGE_STANDARD = gnu17;
				GCC_NO_COMMON_BLOCKS = YES;
				GCC_WARN_64_TO_32_BIT_CONVERSION = YES;
				GCC_WARN_ABOUT_RETURN_TYPE = YES_ERROR;
				GCC_WARN_UNDECLARED_SELECTOR = YES;
				GCC_WARN_UNINITIALIZED_AUTOS = YES_AGGRESSIVE;
				GCC_WARN_UNUSED_FUNCTION = YES;
				GCC_WARN_UNUSED_VARIABLE = YES;
				IPHONEOS_DEPLOYMENT_TARGET = 17.0;
				LOCALIZATION_PREFERS_STRING_CATALOGS = YES;
				MTL_ENABLE_DEBUG_INFO = NO;
				MTL_FAST_MATH = YES;
				SDKROOT = iphoneos;
				SWIFT_COMPILATION_MODE = wholemodule;
				VALIDATE_PRODUCT = YES;
			};
			name = Release;
		};
		E82B5A4A2B37744300CFED63 /* Debug */ = {
			isa = XCBuildConfiguration;
			buildSettings = {
				ASSETCATALOG_COMPILER_APPICON_NAME = AppIcon;
				ASSETCATALOG_COMPILER_GLOBAL_ACCENT_COLOR_NAME = AccentColor;
				CODE_SIGN_STYLE = Automatic;
				CURRENT_PROJECT_VERSION = 1;
				DEVELOPMENT_ASSET_PATHS = "\"DelauneyTriangulator/Preview Content\"";
				DEVELOPMENT_TEAM = 2GG555KD5G;
				ENABLE_PREVIEWS = YES;
				GENERATE_INFOPLIST_FILE = YES;
				INFOPLIST_KEY_UIApplicationSceneManifest_Generation = YES;
				INFOPLIST_KEY_UIApplicationSupportsIndirectInputEvents = YES;
				INFOPLIST_KEY_UILaunchScreen_Generation = YES;
				INFOPLIST_KEY_UISupportedInterfaceOrientations = "UIInterfaceOrientationPortrait UIInterfaceOrientationPortraitUpsideDown";
				LD_RUNPATH_SEARCH_PATHS = (
					"$(inherited)",
					"@executable_path/Frameworks",
				);
				MARKETING_VERSION = 1.0;
				PRODUCT_BUNDLE_IDENTIFIER = com.nick.raptis.delauney.triangulator.DelauneyTriangulator;
				PRODUCT_NAME = "$(TARGET_NAME)";
				SWIFT_EMIT_LOC_STRINGS = YES;
				SWIFT_VERSION = 5.0;
				TARGETED_DEVICE_FAMILY = "1,2";
			};
			name = Debug;
		};
		E82B5A4B2B37744300CFED63 /* Release */ = {
			isa = XCBuildConfiguration;
			buildSettings = {
				ASSETCATALOG_COMPILER_APPICON_NAME = AppIcon;
				ASSETCATALOG_COMPILER_GLOBAL_ACCENT_COLOR_NAME = AccentColor;
				CODE_SIGN_STYLE = Automatic;
				CURRENT_PROJECT_VERSION = 1;
				DEVELOPMENT_ASSET_PATHS = "\"DelauneyTriangulator/Preview Content\"";
				DEVELOPMENT_TEAM = 2GG555KD5G;
				ENABLE_PREVIEWS = YES;
				GENERATE_INFOPLIST_FILE = YES;
				INFOPLIST_KEY_UIApplicationSceneManifest_Generation = YES;
				INFOPLIST_KEY_UIApplicationSupportsIndirectInputEvents = YES;
				INFOPLIST_KEY_UILaunchScreen_Generation = YES;
				INFOPLIST_KEY_UISupportedInterfaceOrientations = "UIInterfaceOrientationPortrait UIInterfaceOrientationPortraitUpsideDown";
				LD_RUNPATH_SEARCH_PATHS = (
					"$(inherited)",
					"@executable_path/Frameworks",
				);
				MARKETING_VERSION = 1.0;
				PRODUCT_BUNDLE_IDENTIFIER = com.nick.raptis.delauney.triangulator.DelauneyTriangulator;
				PRODUCT_NAME = "$(TARGET_NAME)";
				SWIFT_EMIT_LOC_STRINGS = YES;
				SWIFT_VERSION = 5.0;
				TARGETED_DEVICE_FAMILY = "1,2";
			};
			name = Release;
		};
/* End XCBuildConfiguration section */

/* Begin XCConfigurationList section */
		E82B5A362B37744200CFED63 /* Build configuration list for PBXProject "DelauneyTriangulator" */ = {
			isa = XCConfigurationList;
			buildConfigurations = (
				E82B5A472B37744300CFED63 /* Debug */,
				E82B5A482B37744300CFED63 /* Release */,
			);
			defaultConfigurationIsVisible = 0;
			defaultConfigurationName = Release;
		};
		E82B5A492B37744300CFED63 /* Build configuration list for PBXNativeTarget "DelauneyTriangulator" */ = {
			isa = XCConfigurationList;
			buildConfigurations = (
				E82B5A4A2B37744300CFED63 /* Debug */,
				E82B5A4B2B37744300CFED63 /* Release */,
			);
			defaultConfigurationIsVisible = 0;
			defaultConfigurationName = Release;
		};
/* End XCConfigurationList section */
	};
	rootObject = E82B5A332B37744200CFED63 /* Project object */;
}
